{
    "name": "lightapi-wsapi",
    "version": "0.0.1",
    "lockfileVersion": 1,
    "requires": true,
    "dependencies": {
        "@types/geojson": {
            "version": "7946.0.7",
            "resolved": "https://registry.npmjs.org/@types/geojson/-/geojson-7946.0.7.tgz",
            "integrity": "sha512-wE2v81i4C4Ol09RtsWFAqg3BUitWbHSpSlIo+bNdsCJijO9sjme+zm+73ZMCa/qMC8UEERxzGbvmr1cffo2SiQ=="
        },
        "@types/node": {
            "version": "12.12.21",
            "resolved": "https://registry.npmjs.org/@types/node/-/node-12.12.21.tgz",
            "integrity": "sha512-8sRGhbpU+ck1n0PGAUgVrWrWdjSW2aqNeyC15W88GRsMpSwzv6RJGlLhE7s2RhVSOdyDmxbqlWSeThq4/7xqlA=="
        },
        "ansi-regex": {
            "version": "2.1.1",
            "resolved": "https://registry.npmjs.org/ansi-regex/-/ansi-regex-2.1.1.tgz",
            "integrity": "sha1-w7M6te42DYbg5ijwRorn7yfWVN8="
        },
        "async": {
            "version": "1.5.2",
            "resolved": "https://registry.npmjs.org/async/-/async-1.5.2.tgz",
            "integrity": "sha1-7GphrlZIDAw8skHJVhjiCJL5Zyo="
        },
        "async-limiter": {
            "version": "1.0.1",
            "resolved": "https://registry.npmjs.org/async-limiter/-/async-limiter-1.0.1.tgz",
            "integrity": "sha512-csOlWGAcRFJaI6m+F2WKdnMKr4HhdhFVBk0H/QbJFMCr+uO2kwohwXQPxw/9OCxp05r5ghVBFSyioixx3gfkNQ=="
        },
        "babel-runtime": {
            "version": "6.26.0",
            "resolved": "https://registry.npmjs.org/babel-runtime/-/babel-runtime-6.26.0.tgz",
            "integrity": "sha1-llxwWGaOgrVde/4E/yM3vItWR/4=",
            "requires": {
                "core-js": "^2.4.0",
                "regenerator-runtime": "^0.11.0"
            }
        },
        "backo2": {
            "version": "1.0.2",
            "resolved": "https://registry.npmjs.org/backo2/-/backo2-1.0.2.tgz",
            "integrity": "sha1-MasayLEpNjRj41s+u2n038+6eUc="
        },
        "base-x": {
            "version": "3.0.7",
            "resolved": "https://registry.npmjs.org/base-x/-/base-x-3.0.7.tgz",
            "integrity": "sha512-zAKJGuQPihXW22fkrfOclUUZXM2g92z5GzlSMHxhO6r6Qj+Nm0ccaGNBzDZojzwOMkpjAv4J0fOv1U4go+a4iw==",
            "requires": {
                "safe-buffer": "^5.0.1"
            }
        },
        "bigi": {
            "version": "1.4.2",
            "resolved": "https://registry.npmjs.org/bigi/-/bigi-1.4.2.tgz",
            "integrity": "sha1-nGZalfiLiwj8Bc/XMfVhhZ1yWCU="
        },
        "browserify-aes": {
            "version": "1.2.0",
            "resolved": "https://registry.npmjs.org/browserify-aes/-/browserify-aes-1.2.0.tgz",
            "integrity": "sha512-+7CHXqGuspUn/Sl5aO7Ea0xWGAtETPXNSAjHo48JfLdPWcMng33Xe4znFvQweqc/uzk5zSOI3H52CYnjCfb5hA==",
            "requires": {
                "buffer-xor": "^1.0.3",
                "cipher-base": "^1.0.0",
                "create-hash": "^1.1.0",
                "evp_bytestokey": "^1.0.3",
                "inherits": "^2.0.1",
                "safe-buffer": "^5.0.1"
            }
        },
        "bs58": {
            "version": "4.0.1",
            "resolved": "https://registry.npmjs.org/bs58/-/bs58-4.0.1.tgz",
            "integrity": "sha1-vhYedsNU9veIrkBx9j806MTwpCo=",
            "requires": {
                "base-x": "^3.0.2"
            }
        },
        "buffer-xor": {
            "version": "1.0.3",
            "resolved": "https://registry.npmjs.org/buffer-xor/-/buffer-xor-1.0.3.tgz",
            "integrity": "sha1-JuYe0UIvtw3ULm42cp7VHYVf6Nk="
        },
        "bytebuffer": {
            "version": "5.0.1",
            "resolved": "https://registry.npmjs.org/bytebuffer/-/bytebuffer-5.0.1.tgz",
            "integrity": "sha1-WC7qSxqHO20CCkjVjfhfC7ps/d0=",
            "requires": {
                "long": "~3"
            },
            "dependencies": {
                "long": {
                    "version": "3.2.0",
                    "resolved": "https://registry.npmjs.org/long/-/long-3.2.0.tgz",
                    "integrity": "sha1-2CG3E4yhy1gcFymQ7xTbIAtcR0s="
                }
            }
        },
        "camelcase": {
            "version": "2.1.1",
            "resolved": "https://registry.npmjs.org/camelcase/-/camelcase-2.1.1.tgz",
            "integrity": "sha1-fB0W1nmhu+WcoCys7PsBHiAfWh8="
        },
        "cipher-base": {
            "version": "1.0.4",
            "resolved": "https://registry.npmjs.org/cipher-base/-/cipher-base-1.0.4.tgz",
            "integrity": "sha512-Kkht5ye6ZGmwv40uUDZztayT2ThLQGfnj/T71N/XzeZeo3nf8foyW7zGTsPYkEya3m5f3cAypH+qe7YOrM1U2Q==",
            "requires": {
                "inherits": "^2.0.1",
                "safe-buffer": "^5.0.1"
            }
        },
        "cliui": {
            "version": "3.2.0",
            "resolved": "https://registry.npmjs.org/cliui/-/cliui-3.2.0.tgz",
            "integrity": "sha1-EgYBU3qRbSmUD5NNo7SNWFo5IT0=",
            "requires": {
                "string-width": "^1.0.1",
                "strip-ansi": "^3.0.1",
                "wrap-ansi": "^2.0.0"
            }
        },
        "code-point-at": {
            "version": "1.1.0",
            "resolved": "https://registry.npmjs.org/code-point-at/-/code-point-at-1.1.0.tgz",
            "integrity": "sha1-DQcLTQQ6W+ozovGkDi7bPZpMz3c="
        },
        "core-js": {
            "version": "2.6.11",
            "resolved": "https://registry.npmjs.org/core-js/-/core-js-2.6.11.tgz",
            "integrity": "sha512-5wjnpaT/3dV+XB4borEsnAYQchn00XSgTAWKDkEqv+K8KevjbzmofK6hfJ9TZIlpj2N0xQpazy7PiRQiWHqzWg=="
        },
        "create-hash": {
            "version": "1.2.0",
            "resolved": "https://registry.npmjs.org/create-hash/-/create-hash-1.2.0.tgz",
            "integrity": "sha512-z00bCGNHDG8mHAkP7CtT1qVu+bFQUPjYq/4Iv3C3kWjTFV10zIjfSoeqXo9Asws8gwSHDGj/hl2u4OGIjapeCg==",
            "requires": {
                "cipher-base": "^1.0.1",
                "inherits": "^2.0.1",
                "md5.js": "^1.3.4",
                "ripemd160": "^2.0.1",
                "sha.js": "^2.4.0"
            }
        },
        "create-hmac": {
            "version": "1.1.7",
            "resolved": "https://registry.npmjs.org/create-hmac/-/create-hmac-1.1.7.tgz",
            "integrity": "sha512-MJG9liiZ+ogc4TzUwuvbER1JRdgvUFSB5+VR/g5h82fGaIRWMWddtKBHi7/sVhfjQZ6SehlyhvQYrcYkaUIpLg==",
            "requires": {
                "cipher-base": "^1.0.3",
                "create-hash": "^1.1.0",
                "inherits": "^2.0.1",
                "ripemd160": "^2.0.0",
                "safe-buffer": "^5.0.1",
                "sha.js": "^2.4.8"
            }
        },
        "decamelize": {
            "version": "1.2.0",
            "resolved": "https://registry.npmjs.org/decamelize/-/decamelize-1.2.0.tgz",
            "integrity": "sha1-9lNNFRSCabIDUue+4m9QH5oZEpA="
        },
        "denque": {
            "version": "1.4.1",
            "resolved": "https://registry.npmjs.org/denque/-/denque-1.4.1.tgz",
            "integrity": "sha512-OfzPuSZKGcgr96rf1oODnfjqBFmr1DVoc/TrItj3Ohe0Ah1C5WX5Baquw/9U9KovnQ88EqmJbD66rKYUQYN1tQ=="
        },
        "ecurve": {
            "version": "1.0.6",
            "resolved": "https://registry.npmjs.org/ecurve/-/ecurve-1.0.6.tgz",
            "integrity": "sha512-/BzEjNfiSuB7jIWKcS/z8FK9jNjmEWvUV2YZ4RLSmcDtP7Lq0m6FvDuSnJpBlDpGRpfRQeTLGLBI8H+kEv0r+w==",
            "requires": {
                "bigi": "^1.1.0",
                "safe-buffer": "^5.0.1"
            }
        },
        "eosjs": {
            "version": "20.0.0",
            "resolved": "https://registry.npmjs.org/eosjs/-/eosjs-20.0.0.tgz",
            "integrity": "sha512-Ak9CPtZgCFayUmq43X3Nsn4v67lkLfSzEdTUfMk1XAWA5s4HRn7lBTeTeDCzJ/rggi+dZ170VeJwc5T3gPk4HQ==",
            "requires": {
                "babel-runtime": "6.26.0",
                "eosjs-ecc": "4.0.4",
                "text-encoding": "0.7.0"
            }
        },
        "eosjs-ecc": {
            "version": "4.0.4",
            "resolved": "https://registry.npmjs.org/eosjs-ecc/-/eosjs-ecc-4.0.4.tgz",
            "integrity": "sha512-9wAYefts4TidHOu+eN9nAisZdWpUzlUimZrB63oP7+/s4xRNJEn2Vvep2ICRODpxpidbshM1L7WaSYW9oiV5gA==",
            "requires": {
                "bigi": "^1.4.2",
                "browserify-aes": "^1.0.6",
                "bs58": "^4.0.1",
                "bytebuffer": "^5.0.1",
                "create-hash": "^1.1.3",
                "create-hmac": "^1.1.6",
                "ecurve": "^1.0.5",
                "randombytes": "^2.0.5"
            }
        },
        "eventemitter3": {
            "version": "3.1.2",
            "resolved": "https://registry.npmjs.org/eventemitter3/-/eventemitter3-3.1.2.tgz",
            "integrity": "sha512-tvtQIeLVHjDkJYnzf2dgVMxfuSGJeM/7UCG17TT4EumTfNtF+0nebF/4zWOIkCreAbtNqhGEboB6BWrwqNaw4Q=="
        },
        "evp_bytestokey": {
            "version": "1.0.3",
            "resolved": "https://registry.npmjs.org/evp_bytestokey/-/evp_bytestokey-1.0.3.tgz",
            "integrity": "sha512-/f2Go4TognH/KvCISP7OUsHn85hT9nUkxxA9BEWxFn+Oj9o8ZNLm/40hdlgSLyuOimsrTKLUMEorQexp/aPQeA==",
            "requires": {
                "md5.js": "^1.3.4",
                "safe-buffer": "^5.1.1"
            }
        },
        "hash-base": {
            "version": "3.0.4",
            "resolved": "https://registry.npmjs.org/hash-base/-/hash-base-3.0.4.tgz",
            "integrity": "sha1-X8hoaEfs1zSZQDMZprCj8/auSRg=",
            "requires": {
                "inherits": "^2.0.1",
                "safe-buffer": "^5.0.1"
            }
        },
        "iconv-lite": {
            "version": "0.5.0",
            "resolved": "https://registry.npmjs.org/iconv-lite/-/iconv-lite-0.5.0.tgz",
            "integrity": "sha512-NnEhI9hIEKHOzJ4f697DMz9IQEXr/MMJ5w64vN2/4Ai+wRnvV7SBrL0KLoRlwaKVghOc7LQ5YkPLuX146b6Ydw==",
            "requires": {
                "safer-buffer": ">= 2.1.2 < 3"
            }
        },
        "inherits": {
            "version": "2.0.4",
            "resolved": "https://registry.npmjs.org/inherits/-/inherits-2.0.4.tgz",
            "integrity": "sha512-k/vGaX4/Yla3WzyMCvTQOXYeIHvqOKtnqBduzTHpzpQZzAskKMhZ2K+EnBiSM9zGSoIFeMpXKxa4dYeZIQqewQ=="
        },
        "ini": {
            "version": "1.3.5",
            "resolved": "https://registry.npmjs.org/ini/-/ini-1.3.5.tgz",
            "integrity": "sha512-RZY5huIKCMRWDUqZlEi72f/lmXKMvuszcMBduliQ3nnWbx9X/ZBQO7DijMEYS9EhHBb2qacRUMtC7svLwe0lcw=="
        },
        "invert-kv": {
            "version": "1.0.0",
            "resolved": "https://registry.npmjs.org/invert-kv/-/invert-kv-1.0.0.tgz",
            "integrity": "sha1-EEqOSqym09jNFXqO+L+rLXo//bY="
        },
        "is-fullwidth-code-point": {
            "version": "1.0.0",
            "resolved": "https://registry.npmjs.org/is-fullwidth-code-point/-/is-fullwidth-code-point-1.0.0.tgz",
            "integrity": "sha1-754xOG8DGn8NZDr4L95QxFfvAMs=",
            "requires": {
                "number-is-nan": "^1.0.0"
            }
        },
        "isomorphic-ws": {
            "version": "4.0.1",
            "resolved": "https://registry.npmjs.org/isomorphic-ws/-/isomorphic-ws-4.0.1.tgz",
            "integrity": "sha512-BhBvN2MBpWTaSHdWRb/bwdZJ1WaehQ2L1KngkCkfLUGF0mAWAT1sQUQacEmQ0jXkFw/czDXPNQSL5u2/Krsz1w=="
        },
        "jsonrpc2-ws": {
            "version": "1.0.0-beta18",
            "resolved": "https://registry.npmjs.org/jsonrpc2-ws/-/jsonrpc2-ws-1.0.0-beta18.tgz",
            "integrity": "sha512-5RDOkYCtEYqjQf+7wTSQP+YYQYiq/mLEZ7hzn9ogoIDrpuT13yintxhwkFqXcbmpBWSjkguZD5XpRvD25mSYRQ==",
            "requires": {
                "backo2": "^1.0.2",
                "eventemitter3": "^3.1.0",
                "isomorphic-ws": "^4.0.1",
                "uuid": "^3.3.2",
                "ws": "~6.1.4"
            }
        },
        "lcid": {
            "version": "1.0.0",
            "resolved": "https://registry.npmjs.org/lcid/-/lcid-1.0.0.tgz",
            "integrity": "sha1-MIrMr6C8SDo4Z7S28rlQYlHRuDU=",
            "requires": {
                "invert-kv": "^1.0.0"
            }
        },
        "long": {
            "version": "4.0.0",
            "resolved": "https://registry.npmjs.org/long/-/long-4.0.0.tgz",
            "integrity": "sha512-XsP+KhQif4bjX1kbuSiySJFNAehNxgLb6hPRGJ9QsUr8ajHkuXGdrHmFUTUUXhDwVX2R5bY4JNZEwbUiMhV+MA=="
        },
        "mariadb": {
            "version": "2.1.4",
            "resolved": "https://registry.npmjs.org/mariadb/-/mariadb-2.1.4.tgz",
            "integrity": "sha512-CMLbIKZCzxero94luo25IKpboEuUCvA2g2+NMUBdRYpBCDmnsiQ8kwdgqvuVQ13a4/ZKr87BC1nbe4b3UZXXmQ==",
            "requires": {
                "@types/geojson": "^7946.0.7",
                "@types/node": "^12.12.11",
                "denque": "^1.4.1",
                "iconv-lite": "^0.5.0",
                "long": "^4.0.0",
                "moment-timezone": "^0.5.27"
            }
        },
        "md5.js": {
            "version": "1.3.5",
            "resolved": "https://registry.npmjs.org/md5.js/-/md5.js-1.3.5.tgz",
            "integrity": "sha512-xitP+WxNPcTTOgnTJcrhM0xvdPepipPSf3I8EIpGKeFLjt3PlJLIDG3u8EX53ZIubkb+5U2+3rELYpEhHhzdkg==",
            "requires": {
                "hash-base": "^3.0.0",
                "inherits": "^2.0.1",
                "safe-buffer": "^5.1.2"
            }
        },
        "moment": {
            "version": "2.24.0",
            "resolved": "https://registry.npmjs.org/moment/-/moment-2.24.0.tgz",
            "integrity": "sha512-bV7f+6l2QigeBBZSM/6yTNq4P2fNpSWj/0e7jQcy87A8e7o2nAfP/34/2ky5Vw4B9S446EtIhodAzkFCcR4dQg=="
        },
        "moment-timezone": {
            "version": "0.5.27",
            "resolved": "https://registry.npmjs.org/moment-timezone/-/moment-timezone-0.5.27.tgz",
            "integrity": "sha512-EIKQs7h5sAsjhPCqN6ggx6cEbs94GK050254TIJySD1bzoM5JTYDwAU1IoVOeTOL6Gm27kYJ51/uuvq1kIlrbw==",
            "requires": {
                "moment": ">= 2.9.0"
            }
        },
        "nconf": {
            "version": "0.10.0",
            "resolved": "https://registry.npmjs.org/nconf/-/nconf-0.10.0.tgz",
            "integrity": "sha512-fKiXMQrpP7CYWJQzKkPPx9hPgmq+YLDyxcG9N8RpiE9FoCkCbzD0NyW0YhE3xn3Aupe7nnDeIx4PFzYehpHT9Q==",
            "requires": {
                "async": "^1.4.0",
                "ini": "^1.3.0",
                "secure-keys": "^1.0.0",
                "yargs": "^3.19.0"
            }
        },
        "number-is-nan": {
            "version": "1.0.1",
            "resolved": "https://registry.npmjs.org/number-is-nan/-/number-is-nan-1.0.1.tgz",
            "integrity": "sha1-CXtgK1NCKlIsGvuHkDGDNpQaAR0="
        },
        "os-locale": {
            "version": "1.4.0",
            "resolved": "https://registry.npmjs.org/os-locale/-/os-locale-1.4.0.tgz",
            "integrity": "sha1-IPnxeuKe00XoveWDsT0gCYA8FNk=",
            "requires": {
                "lcid": "^1.0.0"
            }
        },
        "randombytes": {
            "version": "2.1.0",
            "resolved": "https://registry.npmjs.org/randombytes/-/randombytes-2.1.0.tgz",
            "integrity": "sha512-vYl3iOX+4CKUWuxGi9Ukhie6fsqXqS9FE2Zaic4tNFD2N2QQaXOMFbuKK4QmDHC0JO6B1Zp41J0LpT0oR68amQ==",
            "requires": {
                "safe-buffer": "^5.1.0"
            }
        },
        "regenerator-runtime": {
            "version": "0.11.1",
            "resolved": "https://registry.npmjs.org/regenerator-runtime/-/regenerator-runtime-0.11.1.tgz",
            "integrity": "sha512-MguG95oij0fC3QV3URf4V2SDYGJhJnJGqvIIgdECeODCT98wSWDAJ94SSuVpYQUoTcGUIL6L4yNB7j1DFFHSBg=="
        },
        "ripemd160": {
            "version": "2.0.2",
            "resolved": "https://registry.npmjs.org/ripemd160/-/ripemd160-2.0.2.tgz",
            "integrity": "sha512-ii4iagi25WusVoiC4B4lq7pbXfAp3D9v5CwfkY33vffw2+pkDjY1D8GaN7spsxvCSx8dkPqOZCEZyfxcmJG2IA==",
            "requires": {
                "hash-base": "^3.0.0",
                "inherits": "^2.0.1"
            }
        },
        "safe-buffer": {
            "version": "5.2.0",
            "resolved": "https://registry.npmjs.org/safe-buffer/-/safe-buffer-5.2.0.tgz",
            "integrity": "sha512-fZEwUGbVl7kouZs1jCdMLdt95hdIv0ZeHg6L7qPeciMZhZ+/gdesW4wgTARkrFWEpspjEATAzUGPG8N2jJiwbg=="
        },
        "safer-buffer": {
            "version": "2.1.2",
            "resolved": "https://registry.npmjs.org/safer-buffer/-/safer-buffer-2.1.2.tgz",
            "integrity": "sha512-YZo3K82SD7Riyi0E1EQPojLz7kpepnSQI9IyPbHHg1XXXevb5dJI7tpyN2ADxGcQbHG7vcyRHk0cbwqcQriUtg=="
        },
        "secure-keys": {
            "version": "1.0.0",
            "resolved": "https://registry.npmjs.org/secure-keys/-/secure-keys-1.0.0.tgz",
            "integrity": "sha1-8MgtmKOxOah3aogIBQuCRDEIf8o="
        },
        "sha.js": {
            "version": "2.4.11",
            "resolved": "https://registry.npmjs.org/sha.js/-/sha.js-2.4.11.tgz",
            "integrity": "sha512-QMEp5B7cftE7APOjk5Y6xgrbWu+WkLVQwk8JNjZ8nKRciZaByEW6MubieAiToS7+dwvrjGhH8jRXz3MVd0AYqQ==",
            "requires": {
                "inherits": "^2.0.1",
                "safe-buffer": "^5.0.1"
            }
        },
        "string-width": {
            "version": "1.0.2",
            "resolved": "https://registry.npmjs.org/string-width/-/string-width-1.0.2.tgz",
            "integrity": "sha1-EYvfW4zcUaKn5w0hHgfisLmxB9M=",
            "requires": {
                "code-point-at": "^1.0.0",
                "is-fullwidth-code-point": "^1.0.0",
                "strip-ansi": "^3.0.0"
            }
        },
        "strip-ansi": {
            "version": "3.0.1",
            "resolved": "https://registry.npmjs.org/strip-ansi/-/strip-ansi-3.0.1.tgz",
            "integrity": "sha1-ajhfuIU9lS1f8F0Oiq+UJ43GPc8=",
            "requires": {
                "ansi-regex": "^2.0.0"
            }
        },
        "text-encoding": {
            "version": "0.7.0",
            "resolved": "https://registry.npmjs.org/text-encoding/-/text-encoding-0.7.0.tgz",
            "integrity": "sha512-oJQ3f1hrOnbRLOcwKz0Liq2IcrvDeZRHXhd9RgLrsT+DjWY/nty1Hi7v3dtkaEYbPYe0mUoOfzRrMwfXXwgPUA=="
        },
        "uuid": {
            "version": "3.3.3",
            "resolved": "https://registry.npmjs.org/uuid/-/uuid-3.3.3.tgz",
            "integrity": "sha512-pW0No1RGHgzlpHJO1nsVrHKpOEIxkGg1xB+v0ZmdNH5OAeAwzAVrCnI2/6Mtx+Uys6iaylxa+D3g4j63IKKjSQ=="
        },
        "window-size": {
            "version": "0.1.4",
            "resolved": "https://registry.npmjs.org/window-size/-/window-size-0.1.4.tgz",
            "integrity": "sha1-+OGqHuWlPsW/FR/6CXQqatdpeHY="
        },
        "wrap-ansi": {
            "version": "2.1.0",
            "resolved": "https://registry.npmjs.org/wrap-ansi/-/wrap-ansi-2.1.0.tgz",
            "integrity": "sha1-2Pw9KE3QV5T+hJc8rs3Rz4JP3YU=",
            "requires": {
                "string-width": "^1.0.1",
                "strip-ansi": "^3.0.1"
            }
        },
        "ws": {
            "version": "6.1.4",
            "resolved": "https://registry.npmjs.org/ws/-/ws-6.1.4.tgz",
            "integrity": "sha512-eqZfL+NE/YQc1/ZynhojeV8q+H050oR8AZ2uIev7RU10svA9ZnJUddHcOUZTJLinZ9yEfdA2kSATS2qZK5fhJA==",
            "requires": {
                "async-limiter": "~1.0.0"
            }
        },
        "y18n": {
            "version": "3.2.1",
            "resolved": "https://registry.npmjs.org/y18n/-/y18n-3.2.1.tgz",
            "integrity": "sha1-bRX7qITAhnnA136I53WegR4H+kE="
        },
        "yargs": {
            "version": "3.32.0",
            "resolved": "https://registry.npmjs.org/yargs/-/yargs-3.32.0.tgz",
            "integrity": "sha1-AwiOnr+edWtpdRYR0qXvWRSCyZU=",
            "requires": {
                "camelcase": "^2.0.1",
                "cliui": "^3.0.3",
                "decamelize": "^1.1.1",
                "os-locale": "^1.4.0",
                "string-width": "^1.0.1",
                "window-size": "^0.1.4",
                "y18n": "^3.2.0"
            }
        }
    }
}
